
Microsoft Visual Studio Solution File, Format Version 12.00
# Visual Studio Version 17
VisualStudioVersion = 17.14.36203.30 d17.14
MinimumVisualStudioVersion = 10.0.40219.1
Project("{FAE04EC0-301F-11D3-BF4B-00C04F79EFBC}") = "Web_RealEstate_API", "Web_RealEstate_API.csproj", "{0FA0B722-F1B0-415C-B561-E0F61DE35911}"
EndProject
Project("{FAE04EC0-301F-11D3-BF4B-00C04F79EFBC}") = "Web_RealEstate_UI", "..\Web_RealEstate_UI\Web_RealEstate_UI.csproj", "{8767DA9A-FC0E-4B49-86B3-90C73A775127}"
EndProject
Global
	GlobalSection(SolutionConfigurationPlatforms) = preSolution
		Debug|Any CPU = Debug|Any CPU
		Release|Any CPU = Release|Any CPU
	EndGlobalSection
	GlobalSection(ProjectConfigurationPlatforms) = postSolution
		{0FA0B722-F1B0-415C-B561-E0F61DE35911}.Debug|Any CPU.ActiveCfg = Debug|Any CPU
		{0FA0B722-F1B0-415C-B561-E0F61DE35911}.Debug|Any CPU.Build.0 = Debug|Any CPU
		{0FA0B722-F1B0-415C-B561-E0F61DE35911}.Release|Any CPU.ActiveCfg = Release|Any CPU
		{0FA0B722-F1B0-415C-B561-E0F61DE35911}.Release|Any CPU.Build.0 = Release|Any CPU
		{8767DA9A-FC0E-4B49-86B3-90C73A775127}.Debug|Any CPU.ActiveCfg = Debug|Any CPU
		{8767DA9A-FC0E-4B49-86B3-90C73A775127}.Debug|Any CPU.Build.0 = Debug|Any CPU
		{8767DA9A-FC0E-4B49-86B3-90C73A775127}.Release|Any CPU.ActiveCfg = Release|Any CPU
		{8767DA9A-FC0E-4B49-86B3-90C73A775127}.Release|Any CPU.Build.0 = Release|Any CPU
	EndGlobalSection
	GlobalSection(SolutionProperties) = preSolution
		HideSolutionNode = FALSE
	EndGlobalSection
	GlobalSection(ExtensibilityGlobals) = postSolution
		SolutionGuid = {5F2B97DA-20E1-4552-AF92-1B29B9E42E96}
	EndGlobalSection
EndGlobal
